
Microsoft Visual Studio Solution File, Format Version 12.00
# Visual Studio Version 17
VisualStudioVersion = 17.9.34518.117
MinimumVisualStudioVersion = 10.0.40219.1
Project("{FAE04EC0-301F-11D3-BF4B-00C04F79EFBC}") = "SaveGameMoverUI", "PalSaveMoverUI\SaveGameMoverUI.csproj", "{BF2558B3-D30C-461B-8C47-F8BA30548CD2}"
EndProject
Project("{FAE04EC0-301F-11D3-BF4B-00C04F79EFBC}") = "SaveGameMoverData", "PalSaveMoverData\SaveGameMoverData.csproj", "{F1F6E0DB-62A6-434F-A3DF-791FDE08C2DC}"
EndProject
Global
	GlobalSection(SolutionConfigurationPlatforms) = preSolution
		Debug|Any CPU = Debug|Any CPU
		Debug|x64 = Debug|x64
		DebugV2|Any CPU = DebugV2|Any CPU
		DebugV2|x64 = DebugV2|x64
		Release|Any CPU = Release|Any CPU
		Release|x64 = Release|x64
	EndGlobalSection
	GlobalSection(ProjectConfigurationPlatforms) = postSolution
		{BF2558B3-D30C-461B-8C47-F8BA30548CD2}.Debug|Any CPU.ActiveCfg = Debug|Any CPU
		{BF2558B3-D30C-461B-8C47-F8BA30548CD2}.Debug|Any CPU.Build.0 = Debug|Any CPU
		{BF2558B3-D30C-461B-8C47-F8BA30548CD2}.Debug|x64.ActiveCfg = Debug|Any CPU
		{BF2558B3-D30C-461B-8C47-F8BA30548CD2}.Debug|x64.Build.0 = Debug|Any CPU
		{BF2558B3-D30C-461B-8C47-F8BA30548CD2}.DebugV2|Any CPU.ActiveCfg = DebugV2|Any CPU
		{BF2558B3-D30C-461B-8C47-F8BA30548CD2}.DebugV2|Any CPU.Build.0 = DebugV2|Any CPU
		{BF2558B3-D30C-461B-8C47-F8BA30548CD2}.DebugV2|x64.ActiveCfg = DebugV2|Any CPU
		{BF2558B3-D30C-461B-8C47-F8BA30548CD2}.DebugV2|x64.Build.0 = DebugV2|Any CPU
		{BF2558B3-D30C-461B-8C47-F8BA30548CD2}.Release|Any CPU.ActiveCfg = Release|Any CPU
		{BF2558B3-D30C-461B-8C47-F8BA30548CD2}.Release|Any CPU.Build.0 = Release|Any CPU
		{BF2558B3-D30C-461B-8C47-F8BA30548CD2}.Release|x64.ActiveCfg = Release|Any CPU
		{BF2558B3-D30C-461B-8C47-F8BA30548CD2}.Release|x64.Build.0 = Release|Any CPU
		{F1F6E0DB-62A6-434F-A3DF-791FDE08C2DC}.Debug|Any CPU.ActiveCfg = Debug|Any CPU
		{F1F6E0DB-62A6-434F-A3DF-791FDE08C2DC}.Debug|Any CPU.Build.0 = Debug|Any CPU
		{F1F6E0DB-62A6-434F-A3DF-791FDE08C2DC}.Debug|x64.ActiveCfg = Debug|Any CPU
		{F1F6E0DB-62A6-434F-A3DF-791FDE08C2DC}.Debug|x64.Build.0 = Debug|Any CPU
		{F1F6E0DB-62A6-434F-A3DF-791FDE08C2DC}.DebugV2|Any CPU.ActiveCfg = DebugV2|Any CPU
		{F1F6E0DB-62A6-434F-A3DF-791FDE08C2DC}.DebugV2|Any CPU.Build.0 = DebugV2|Any CPU
		{F1F6E0DB-62A6-434F-A3DF-791FDE08C2DC}.DebugV2|x64.ActiveCfg = DebugV2|Any CPU
		{F1F6E0DB-62A6-434F-A3DF-791FDE08C2DC}.DebugV2|x64.Build.0 = DebugV2|Any CPU
		{F1F6E0DB-62A6-434F-A3DF-791FDE08C2DC}.Release|Any CPU.ActiveCfg = Release|Any CPU
		{F1F6E0DB-62A6-434F-A3DF-791FDE08C2DC}.Release|Any CPU.Build.0 = Release|Any CPU
		{F1F6E0DB-62A6-434F-A3DF-791FDE08C2DC}.Release|x64.ActiveCfg = Release|Any CPU
		{F1F6E0DB-62A6-434F-A3DF-791FDE08C2DC}.Release|x64.Build.0 = Release|Any CPU
	EndGlobalSection
	GlobalSection(SolutionProperties) = preSolution
		HideSolutionNode = FALSE
	EndGlobalSection
	GlobalSection(ExtensibilityGlobals) = postSolution
		SolutionGuid = {3C047800-2DA3-4B0E-A1B3-3DE997A45664}
	EndGlobalSection
EndGlobal
